
Microsoft Visual Studio Solution File, Format Version 12.00
# Visual Studio 2013
VisualStudioVersion = 12.0.30723.0
MinimumVisualStudioVersion = 10.0.40219.1
Project("{FAE04EC0-301F-11D3-BF4B-00C04F79EFBC}") = "Telerik.JustMock.Mef", "Telerik.JustMock.Mef\Telerik.JustMock.Mef.csproj", "{BB205368-0F69-418B-8835-E3878EA9E681}"
EndProject
Project("{FAE04EC0-301F-11D3-BF4B-00C04F79EFBC}") = "Telerik.JustMock.Mef.Tests", "Telerik.JustMock.Mef.Tests\Telerik.JustMock.Mef.Tests.csproj", "{7EF46EC8-8BA6-4F43-BA73-0747D615A02D}"
EndProject
Project("{FAE04EC0-301F-11D3-BF4B-00C04F79EFBC}") = "Telerik.JustMock", "Telerik.JustMock\Telerik.JustMock\Telerik.JustMock.csproj", "{0749EBC2-4E83-4960-BF28-1FF5C2DEB2B9}"
EndProject
Global
	GlobalSection(SolutionConfigurationPlatforms) = preSolution
		Debug|Any CPU = Debug|Any CPU
		Release|Any CPU = Release|Any CPU
	EndGlobalSection
	GlobalSection(ProjectConfigurationPlatforms) = postSolution
		{BB205368-0F69-418B-8835-E3878EA9E681}.Debug|Any CPU.ActiveCfg = Debug|Any CPU
		{BB205368-0F69-418B-8835-E3878EA9E681}.Debug|Any CPU.Build.0 = Debug|Any CPU
		{BB205368-0F69-418B-8835-E3878EA9E681}.Release|Any CPU.ActiveCfg = Release|Any CPU
		{BB205368-0F69-418B-8835-E3878EA9E681}.Release|Any CPU.Build.0 = Release|Any CPU
		{7EF46EC8-8BA6-4F43-BA73-0747D615A02D}.Debug|Any CPU.ActiveCfg = Debug|Any CPU
		{7EF46EC8-8BA6-4F43-BA73-0747D615A02D}.Debug|Any CPU.Build.0 = Debug|Any CPU
		{7EF46EC8-8BA6-4F43-BA73-0747D615A02D}.Release|Any CPU.ActiveCfg = Release|Any CPU
		{7EF46EC8-8BA6-4F43-BA73-0747D615A02D}.Release|Any CPU.Build.0 = Release|Any CPU
		{0749EBC2-4E83-4960-BF28-1FF5C2DEB2B9}.Debug|Any CPU.ActiveCfg = DebugFree|Any CPU
		{0749EBC2-4E83-4960-BF28-1FF5C2DEB2B9}.Debug|Any CPU.Build.0 = DebugFree|Any CPU
		{0749EBC2-4E83-4960-BF28-1FF5C2DEB2B9}.Release|Any CPU.ActiveCfg = ReleaseFree|Any CPU
		{0749EBC2-4E83-4960-BF28-1FF5C2DEB2B9}.Release|Any CPU.Build.0 = ReleaseFree|Any CPU
	EndGlobalSection
	GlobalSection(SolutionProperties) = preSolution
		HideSolutionNode = FALSE
	EndGlobalSection
EndGlobal
